// !$*UTF8*$!
{
	archiveVersion = 1;
	classes = {
	};
	objectVersion = 56;
	objects = {

/* Begin PBXBuildFile section */
		CEABE9F32AA5C8D7008E49FE /* AppDelegate.swift in Sources */ = {isa = PBXBuildFile; fileRef = CEABE9F22AA5C8D7008E49FE /* AppDelegate.swift */; };
		CEABE9F52AA5C8D7008E49FE /* SceneDelegate.swift in Sources */ = {isa = PBXBuildFile; fileRef = CEABE9F42AA5C8D7008E49FE /* SceneDelegate.swift */; };
		CEABE9F72AA5C8D7008E49FE /* ViewController.swift in Sources */ = {isa = PBXBuildFile; fileRef = CEABE9F62AA5C8D7008E49FE /* ViewController.swift */; };
		CEABE9FA2AA5C8D7008E49FE /* Main.storyboard in Resources */ = {isa = PBXBuildFile; fileRef = CEABE9F82AA5C8D7008E49FE /* Main.storyboard */; };
		CEABE9FD2AA5C8D7008E49FE /* signinapp.xcdatamodeld in Sources */ = {isa = PBXBuildFile; fileRef = CEABE9FB2AA5C8D7008E49FE /* signinapp.xcdatamodeld */; };
		CEABE9FF2AA5C8D9008E49FE /* Assets.xcassets in Resources */ = {isa = PBXBuildFile; fileRef = CEABE9FE2AA5C8D9008E49FE /* Assets.xcassets */; };
		CEABEA022AA5C8D9008E49FE /* LaunchScreen.storyboard in Resources */ = {isa = PBXBuildFile; fileRef = CEABEA002AA5C8D9008E49FE /* LaunchScreen.storyboard */; };
		CEABEA0D2AA5C8D9008E49FE /* signinappTests.swift in Sources */ = {isa = PBXBuildFile; fileRef = CEABEA0C2AA5C8D9008E49FE /* signinappTests.swift */; };
		CEABEA172AA5C8D9008E49FE /* signinappUITests.swift in Sources */ = {isa = PBXBuildFile; fileRef = CEABEA162AA5C8D9008E49FE /* signinappUITests.swift */; };
		CEABEA192AA5C8D9008E49FE /* signinappUITestsLaunchTests.swift in Sources */ = {isa = PBXBuildFile; fileRef = CEABEA182AA5C8D9008E49FE /* signinappUITestsLaunchTests.swift */; };
/* End PBXBuildFile section */

/* Begin PBXContainerItemProxy section */
		CEABEA092AA5C8D9008E49FE /* PBXContainerItemProxy */ = {
			isa = PBXContainerItemProxy;
			containerPortal = CEABE9E72AA5C8D6008E49FE /* Project object */;
			proxyType = 1;
			remoteGlobalIDString = CEABE9EE2AA5C8D6008E49FE;
			remoteInfo = signinapp;
		};
		CEABEA132AA5C8D9008E49FE /* PBXContainerItemProxy */ = {
			isa = PBXContainerItemProxy;
			containerPortal = CEABE9E72AA5C8D6008E49FE /* Project object */;
			proxyType = 1;
			remoteGlobalIDString = CEABE9EE2AA5C8D6008E49FE;
			remoteInfo = signinapp;
		};
/* End PBXContainerItemProxy section */

/* Begin PBXFileReference section */
		CEABE9EF2AA5C8D6008E49FE /* signinapp.app */ = {isa = PBXFileReference; explicitFileType = wrapper.application; includeInIndex = 0; path = signinapp.app; sourceTree = BUILT_PRODUCTS_DIR; };
		CEABE9F22AA5C8D7008E49FE /* AppDelegate.swift */ = {isa = PBXFileReference; lastKnownFileType = sourcecode.swift; path = AppDelegate.swift; sourceTree = "<group>"; };
		CEABE9F42AA5C8D7008E49FE /* SceneDelegate.swift */ = {isa = PBXFileReference; lastKnownFileType = sourcecode.swift; path = SceneDelegate.swift; sourceTree = "<group>"; };
		CEABE9F62AA5C8D7008E49FE /* ViewController.swift */ = {isa = PBXFileReference; lastKnownFileType = sourcecode.swift; path = ViewController.swift; sourceTree = "<group>"; };
		CEABE9F92AA5C8D7008E49FE /* Base */ = {isa = PBXFileReference; lastKnownFileType = file.storyboard; name = Base; path = Base.lproj/Main.storyboard; sourceTree = "<group>"; };
		CEABE9FC2AA5C8D7008E49FE /* signinapp.xcdatamodel */ = {isa = PBXFileReference; lastKnownFileType = wrapper.xcdatamodel; path = signinapp.xcdatamodel; sourceTree = "<group>"; };
		CEABE9FE2AA5C8D9008E49FE /* Assets.xcassets */ = {isa = PBXFileReference; lastKnownFileType = folder.assetcatalog; path = Assets.xcassets; sourceTree = "<group>"; };
		CEABEA012AA5C8D9008E49FE /* Base */ = {isa = PBXFileReference; lastKnownFileType = file.storyboard; name = Base; path = Base.lproj/LaunchScreen.storyboard; sourceTree = "<group>"; };
		CEABEA032AA5C8D9008E49FE /* Info.plist */ = {isa = PBXFileReference; lastKnownFileType = text.plist.xml; path = Info.plist; sourceTree = "<group>"; };
		CEABEA082AA5C8D9008E49FE /* signinappTests.xctest */ = {isa = PBXFileReference; explicitFileType = wrapper.cfbundle; includeInIndex = 0; path = signinappTests.xctest; sourceTree = BUILT_PRODUCTS_DIR; };
		CEABEA0C2AA5C8D9008E49FE /* signinappTests.swift */ = {isa = PBXFileReference; lastKnownFileType = sourcecode.swift; path = signinappTests.swift; sourceTree = "<group>"; };
		CEABEA122AA5C8D9008E49FE /* signinappUITests.xctest */ = {isa = PBXFileReference; explicitFileType = wrapper.cfbundle; includeInIndex = 0; path = signinappUITests.xctest; sourceTree = BUILT_PRODUCTS_DIR; };
		CEABEA162AA5C8D9008E49FE /* signinappUITests.swift */ = {isa = PBXFileReference; lastKnownFileType = sourcecode.swift; path = signinappUITests.swift; sourceTree = "<group>"; };
		CEABEA182AA5C8D9008E49FE /* signinappUITestsLaunchTests.swift */ = {isa = PBXFileReference; lastKnownFileType = sourcecode.swift; path = signinappUITestsLaunchTests.swift; sourceTree = "<group>"; };
/* End PBXFileReference section */

/* Begin PBXFrameworksBuildPhase section */
		CEABE9EC2AA5C8D6008E49FE /* Frameworks */ = {
			isa = PBXFrameworksBuildPhase;
			buildActionMask = 2147483647;
			files = (
			);
			runOnlyForDeploymentPostprocessing = 0;
		};
		CEABEA052AA5C8D9008E49FE /* Frameworks */ = {
			isa = PBXFrameworksBuildPhase;
			buildActionMask = 2147483647;
			files = (
			);
			runOnlyForDeploymentPostprocessing = 0;
		};
		CEABEA0F2AA5C8D9008E49FE /* Frameworks */ = {
			isa = PBXFrameworksBuildPhase;
			buildActionMask = 2147483647;
			files = (
			);
			runOnlyForDeploymentPostprocessing = 0;
		};
/* End PBXFrameworksBuildPhase section */

/* Begin PBXGroup section */
		CEABE9E62AA5C8D6008E49FE = {
			isa = PBXGroup;
			children = (
				CEABE9F12AA5C8D6008E49FE /* signinapp */,
				CEABEA0B2AA5C8D9008E49FE /* signinappTests */,
				CEABEA152AA5C8D9008E49FE /* signinappUITests */,
				CEABE9F02AA5C8D6008E49FE /* Products */,
			);
			sourceTree = "<group>";
		};
		CEABE9F02AA5C8D6008E49FE /* Products */ = {
			isa = PBXGroup;
			children = (
				CEABE9EF2AA5C8D6008E49FE /* signinapp.app */,
				CEABEA082AA5C8D9008E49FE /* signinappTests.xctest */,
				CEABEA122AA5C8D9008E49FE /* signinappUITests.xctest */,
			);
			name = Products;
			sourceTree = "<group>";
		};
		CEABE9F12AA5C8D6008E49FE /* signinapp */ = {
			isa = PBXGroup;
			children = (
				CEABE9F22AA5C8D7008E49FE /* AppDelegate.swift */,
				CEABE9F42AA5C8D7008E49FE /* SceneDelegate.swift */,
				CEABE9F62AA5C8D7008E49FE /* ViewController.swift */,
				CEABE9F82AA5C8D7008E49FE /* Main.storyboard */,
				CEABE9FE2AA5C8D9008E49FE /* Assets.xcassets */,
				CEABEA002AA5C8D9008E49FE /* LaunchScreen.storyboard */,
				CEABEA032AA5C8D9008E49FE /* Info.plist */,
				CEABE9FB2AA5C8D7008E49FE /* signinapp.xcdatamodeld */,
			);
			path = signinapp;
			sourceTree = "<group>";
		};
		CEABEA0B2AA5C8D9008E49FE /* signinappTests */ = {
			isa = PBXGroup;
			children = (
				CEABEA0C2AA5C8D9008E49FE /* signinappTests.swift */,
			);
			path = signinappTests;
			sourceTree = "<group>";
		};
		CEABEA152AA5C8D9008E49FE /* signinappUITests */ = {
			isa = PBXGroup;
			children = (
				CEABEA162AA5C8D9008E49FE /* signinappUITests.swift */,
				CEABEA182AA5C8D9008E49FE /* signinappUITestsLaunchTests.swift */,
			);
			path = signinappUITests;
			sourceTree = "<group>";
		};
/* End PBXGroup section */

/* Begin PBXNativeTarget section */
		CEABE9EE2AA5C8D6008E49FE /* signinapp */ = {
			isa = PBXNativeTarget;
			buildConfigurationList = CEABEA1C2AA5C8D9008E49FE /* Build configuration list for PBXNativeTarget "signinapp" */;
			buildPhases = (
				CEABE9EB2AA5C8D6008E49FE /* Sources */,
				CEABE9EC2AA5C8D6008E49FE /* Frameworks */,
				CEABE9ED2AA5C8D6008E49FE /* Resources */,
			);
			buildRules = (
			);
			dependencies = (
			);
			name = signinapp;
			productName = signinapp;
			productReference = CEABE9EF2AA5C8D6008E49FE /* signinapp.app */;
			productType = "com.apple.product-type.application";
		};
		CEABEA072AA5C8D9008E49FE /* signinappTests */ = {
			isa = PBXNativeTarget;
			buildConfigurationList = CEABEA1F2AA5C8D9008E49FE /* Build configuration list for PBXNativeTarget "signinappTests" */;
			buildPhases = (
				CEABEA042AA5C8D9008E49FE /* Sources */,
				CEABEA052AA5C8D9008E49FE /* Frameworks */,
				CEABEA062AA5C8D9008E49FE /* Resources */,
			);
			buildRules = (
			);
			dependencies = (
				CEABEA0A2AA5C8D9008E49FE /* PBXTargetDependency */,
			);
			name = signinappTests;
			productName = signinappTests;
			productReference = CEABEA082AA5C8D9008E49FE /* signinappTests.xctest */;
			productType = "com.apple.product-type.bundle.unit-test";
		};
		CEABEA112AA5C8D9008E49FE /* signinappUITests */ = {
			isa = PBXNativeTarget;
			buildConfigurationList = CEABEA222AA5C8D9008E49FE /* Build configuration list for PBXNativeTarget "signinappUITests" */;
			buildPhases = (
				CEABEA0E2AA5C8D9008E49FE /* Sources */,
				CEABEA0F2AA5C8D9008E49FE /* Frameworks */,
				CEABEA102AA5C8D9008E49FE /* Resources */,
			);
			buildRules = (
			);
			dependencies = (
				CEABEA142AA5C8D9008E49FE /* PBXTargetDependency */,
			);
			name = signinappUITests;
			productName = signinappUITests;
			productReference = CEABEA122AA5C8D9008E49FE /* signinappUITests.xctest */;
			productType = "com.apple.product-type.bundle.ui-testing";
		};
/* End PBXNativeTarget section */

/* Begin PBXProject section */
		CEABE9E72AA5C8D6008E49FE /* Project object */ = {
			isa = PBXProject;
			attributes = {
				BuildIndependentTargetsInParallel = 1;
				LastSwiftUpdateCheck = 1430;
				LastUpgradeCheck = 1430;
				TargetAttributes = {
					CEABE9EE2AA5C8D6008E49FE = {
						CreatedOnToolsVersion = 14.3.1;
					};
					CEABEA072AA5C8D9008E49FE = {
						CreatedOnToolsVersion = 14.3.1;
						TestTargetID = CEABE9EE2AA5C8D6008E49FE;
					};
					CEABEA112AA5C8D9008E49FE = {
						CreatedOnToolsVersion = 14.3.1;
						TestTargetID = CEABE9EE2AA5C8D6008E49FE;
					};
				};
			};
			buildConfigurationList = CEABE9EA2AA5C8D6008E49FE /* Build configuration list for PBXProject "signinapp" */;
			compatibilityVersion = "Xcode 14.0";
			developmentRegion = en;
			hasScannedForEncodings = 0;
			knownRegions = (
				en,
				Base,
			);
			mainGroup = CEABE9E62AA5C8D6008E49FE;
			productRefGroup = CEABE9F02AA5C8D6008E49FE /* Products */;
			projectDirPath = "";
			projectRoot = "";
			targets = (
				CEABE9EE2AA5C8D6008E49FE /* signinapp */,
				CEABEA072AA5C8D9008E49FE /* signinappTests */,
				CEABEA112AA5C8D9008E49FE /* signinappUITests */,
			);
		};
/* End PBXProject section */

/* Begin PBXResourcesBuildPhase section */
		CEABE9ED2AA5C8D6008E49FE /* Resources */ = {
			isa = PBXResourcesBuildPhase;
			buildActionMask = 2147483647;
			files = (
				CEABEA022AA5C8D9008E49FE /* LaunchScreen.storyboard in Resources */,
				CEABE9FF2AA5C8D9008E49FE /* Assets.xcassets in Resources */,
				CEABE9FA2AA5C8D7008E49FE /* Main.storyboard in Resources */,
			);
			runOnlyForDeploymentPostprocessing = 0;
		};
		CEABEA062AA5C8D9008E49FE /* Resources */ = {
			isa = PBXResourcesBuildPhase;
			buildActionMask = 2147483647;
			files = (
			);
			runOnlyForDeploymentPostprocessing = 0;
		};
		CEABEA102AA5C8D9008E49FE /* Resources */ = {
			isa = PBXResourcesBuildPhase;
			buildActionMask = 2147483647;
			files = (
			);
			runOnlyForDeploymentPostprocessing = 0;
		};
/* End PBXResourcesBuildPhase section */

/* Begin PBXSourcesBuildPhase section */
		CEABE9EB2AA5C8D6008E49FE /* Sources */ = {
			isa = PBXSourcesBuildPhase;
			buildActionMask = 2147483647;
			files = (
				CEABE9F72AA5C8D7008E49FE /* ViewController.swift in Sources */,
				CEABE9F32AA5C8D7008E49FE /* AppDelegate.swift in Sources */,
				CEABE9F52AA5C8D7008E49FE /* SceneDelegate.swift in Sources */,
				CEABE9FD2AA5C8D7008E49FE /* signinapp.xcdatamodeld in Sources */,
			);
			runOnlyForDeploymentPostprocessing = 0;
		};
		CEABEA042AA5C8D9008E49FE /* Sources */ = {
			isa = PBXSourcesBuildPhase;
			buildActionMask = 2147483647;
			files = (
				CEABEA0D2AA5C8D9008E49FE /* signinappTests.swift in Sources */,
			);
			runOnlyForDeploymentPostprocessing = 0;
		};
		CEABEA0E2AA5C8D9008E49FE /* Sources */ = {
			isa = PBXSourcesBuildPhase;
			buildActionMask = 2147483647;
			files = (
				CEABEA192AA5C8D9008E49FE /* signinappUITestsLaunchTests.swift in Sources */,
				CEABEA172AA5C8D9008E49FE /* signinappUITests.swift in Sources */,
			);
			runOnlyForDeploymentPostprocessing = 0;
		};
/* End PBXSourcesBuildPhase section */

/* Begin PBXTargetDependency section */
		CEABEA0A2AA5C8D9008E49FE /* PBXTargetDependency */ = {
			isa = PBXTargetDependency;
			target = CEABE9EE2AA5C8D6008E49FE /* signinapp */;
			targetProxy = CEABEA092AA5C8D9008E49FE /* PBXContainerItemProxy */;
		};
		CEABEA142AA5C8D9008E49FE /* PBXTargetDependency */ = {
			isa = PBXTargetDependency;
			target = CEABE9EE2AA5C8D6008E49FE /* signinapp */;
			targetProxy = CEABEA132AA5C8D9008E49FE /* PBXContainerItemProxy */;
		};
/* End PBXTargetDependency section */

/* Begin PBXVariantGroup section */
		CEABE9F82AA5C8D7008E49FE /* Main.storyboard */ = {
			isa = PBXVariantGroup;
			children = (
				CEABE9F92AA5C8D7008E49FE /* Base */,
			);
			name = Main.storyboard;
			sourceTree = "<group>";
		};
		CEABEA002AA5C8D9008E49FE /* LaunchScreen.storyboard */ = {
			isa = PBXVariantGroup;
			children = (
				CEABEA012AA5C8D9008E49FE /* Base */,
			);
			name = LaunchScreen.storyboard;
			sourceTree = "<group>";
		};
/* End PBXVariantGroup section */

/* Begin XCBuildConfiguration section */
		CEABEA1A2AA5C8D9008E49FE /* Debug */ = {
			isa = XCBuildConfiguration;
			buildSettings = {
				ALWAYS_SEARCH_USER_PATHS = NO;
				CLANG_ANALYZER_NONNULL = YES;
				CLANG_ANALYZER_NUMBER_OBJECT_CONVERSION = YES_AGGRESSIVE;
				CLANG_CXX_LANGUAGE_STANDARD = "gnu++20";
				CLANG_ENABLE_MODULES = YES;
				CLANG_ENABLE_OBJC_ARC = YES;
				CLANG_ENABLE_OBJC_WEAK = YES;
				CLANG_WARN_BLOCK_CAPTURE_AUTORELEASING = YES;
				CLANG_WARN_BOOL_CONVERSION = YES;
				CLANG_WARN_COMMA = YES;
				CLANG_WARN_CONSTANT_CONVERSION = YES;
				CLANG_WARN_DEPRECATED_OBJC_IMPLEMENTATIONS = YES;
				CLANG_WARN_DIRECT_OBJC_ISA_USAGE = YES_ERROR;
				CLANG_WARN_DOCUMENTATION_COMMENTS = YES;
				CLANG_WARN_EMPTY_BODY = YES;
				CLANG_WARN_ENUM_CONVERSION = YES;
				CLANG_WARN_INFINITE_RECURSION = YES;
				CLANG_WARN_INT_CONVERSION = YES;
				CLANG_WARN_NON_LITERAL_NULL_CONVERSION = YES;
				CLANG_WARN_OBJC_IMPLICIT_RETAIN_SELF = YES;
				CLANG_WARN_OBJC_LITERAL_CONVERSION = YES;
				CLANG_WARN_OBJC_ROOT_CLASS = YES_ERROR;
				CLANG_WARN_QUOTED_INCLUDE_IN_FRAMEWORK_HEADER = YES;
				CLANG_WARN_RANGE_LOOP_ANALYSIS = YES;
				CLANG_WARN_STRICT_PROTOTYPES = YES;
				CLANG_WARN_SUSPICIOUS_MOVE = YES;
				CLANG_WARN_UNGUARDED_AVAILABILITY = YES_AGGRESSIVE;
				CLANG_WARN_UNREACHABLE_CODE = YES;
				CLANG_WARN__DUPLICATE_METHOD_MATCH = YES;
				COPY_PHASE_STRIP = NO;
				DEBUG_INFORMATION_FORMAT = dwarf;
				ENABLE_STRICT_OBJC_MSGSEND = YES;
				ENABLE_TESTABILITY = YES;
				GCC_C_LANGUAGE_STANDARD = gnu11;
				GCC_DYNAMIC_NO_PIC = NO;
				GCC_NO_COMMON_BLOCKS = YES;
				GCC_OPTIMIZATION_LEVEL = 0;
				GCC_PREPROCESSOR_DEFINITIONS = (
					"DEBUG=1",
					"$(inherited)",
				);
				GCC_WARN_64_TO_32_BIT_CONVERSION = YES;
				GCC_WARN_ABOUT_RETURN_TYPE = YES_ERROR;
				GCC_WARN_UNDECLARED_SELECTOR = YES;
				GCC_WARN_UNINITIALIZED_AUTOS = YES_AGGRESSIVE;
				GCC_WARN_UNUSED_FUNCTION = YES;
				GCC_WARN_UNUSED_VARIABLE = YES;
				IPHONEOS_DEPLOYMENT_TARGET = 16.4;
				MTL_ENABLE_DEBUG_INFO = INCLUDE_SOURCE;
				MTL_FAST_MATH = YES;
				ONLY_ACTIVE_ARCH = YES;
				SDKROOT = iphoneos;
				SWIFT_ACTIVE_COMPILATION_CONDITIONS = DEBUG;
				SWIFT_OPTIMIZATION_LEVEL = "-Onone";
			};
			name = Debug;
		};
		CEABEA1B2AA5C8D9008E49FE /* Release */ = {
			isa = XCBuildConfiguration;
			buildSettings = {
				ALWAYS_SEARCH_USER_PATHS = NO;
				CLANG_ANALYZER_NONNULL = YES;
				CLANG_ANALYZER_NUMBER_OBJECT_CONVERSION = YES_AGGRESSIVE;
				CLANG_CXX_LANGUAGE_STANDARD = "gnu++20";
				CLANG_ENABLE_MODULES = YES;
				CLANG_ENABLE_OBJC_ARC = YES;
				CLANG_ENABLE_OBJC_WEAK = YES;
				CLANG_WARN_BLOCK_CAPTURE_AUTORELEASING = YES;
				CLANG_WARN_BOOL_CONVERSION = YES;
				CLANG_WARN_COMMA = YES;
				CLANG_WARN_CONSTANT_CONVERSION = YES;
				CLANG_WARN_DEPRECATED_OBJC_IMPLEMENTATIONS = YES;
				CLANG_WARN_DIRECT_OBJC_ISA_USAGE = YES_ERROR;
				CLANG_WARN_DOCUMENTATION_COMMENTS = YES;
				CLANG_WARN_EMPTY_BODY = YES;
				CLANG_WARN_ENUM_CONVERSION = YES;
				CLANG_WARN_INFINITE_RECURSION = YES;
				CLANG_WARN_INT_CONVERSION = YES;
				CLANG_WARN_NON_LITERAL_NULL_CONVERSION = YES;
				CLANG_WARN_OBJC_IMPLICIT_RETAIN_SELF = YES;
				CLANG_WARN_OBJC_LITERAL_CONVERSION = YES;
				CLANG_WARN_OBJC_ROOT_CLASS = YES_ERROR;
				CLANG_WARN_QUOTED_INCLUDE_IN_FRAMEWORK_HEADER = YES;
				CLANG_WARN_RANGE_LOOP_ANALYSIS = YES;
				CLANG_WARN_STRICT_PROTOTYPES = YES;
				CLANG_WARN_SUSPICIOUS_MOVE = YES;
				CLANG_WARN_UNGUARDED_AVAILABILITY = YES_AGGRESSIVE;
				CLANG_WARN_UNREACHABLE_CODE = YES;
				CLANG_WARN__DUPLICATE_METHOD_MATCH = YES;
				COPY_PHASE_STRIP = NO;
				DEBUG_INFORMATION_FORMAT = "dwarf-with-dsym";
				ENABLE_NS_ASSERTIONS = NO;
				ENABLE_STRICT_OBJC_MSGSEND = YES;
				GCC_C_LANGUAGE_STANDARD = gnu11;
				GCC_NO_COMMON_BLOCKS = YES;
				GCC_WARN_64_TO_32_BIT_CONVERSION = YES;
				GCC_WARN_ABOUT_RETURN_TYPE = YES_ERROR;
				GCC_WARN_UNDECLARED_SELECTOR = YES;
				GCC_WARN_UNINITIALIZED_AUTOS = YES_AGGRESSIVE;
				GCC_WARN_UNUSED_FUNCTION = YES;
				GCC_WARN_UNUSED_VARIABLE = YES;
				IPHONEOS_DEPLOYMENT_TARGET = 16.4;
				MTL_ENABLE_DEBUG_INFO = NO;
				MTL_FAST_MATH = YES;
				SDKROOT = iphoneos;
				SWIFT_COMPILATION_MODE = wholemodule;
				SWIFT_OPTIMIZATION_LEVEL = "-O";
				VALIDATE_PRODUCT = YES;
			};
			name = Release;
		};
		CEABEA1D2AA5C8D9008E49FE /* Debug */ = {
			isa = XCBuildConfiguration;
			buildSettings = {
				ASSETCATALOG_COMPILER_APPICON_NAME = AppIcon;
				ASSETCATALOG_COMPILER_GLOBAL_ACCENT_COLOR_NAME = AccentColor;
				CODE_SIGN_STYLE = Automatic;
				CURRENT_PROJECT_VERSION = 1;
				DEVELOPMENT_TEAM = 4D42KYYWJW;
				GENERATE_INFOPLIST_FILE = YES;
				INFOPLIST_FILE = signinapp/Info.plist;
				INFOPLIST_KEY_UIApplicationSupportsIndirectInputEvents = YES;
				INFOPLIST_KEY_UILaunchStoryboardName = LaunchScreen;
				INFOPLIST_KEY_UIMainStoryboardFile = Main;
				INFOPLIST_KEY_UISupportedInterfaceOrientations_iPad = "UIInterfaceOrientationPortrait UIInterfaceOrientationPortraitUpsideDown UIInterfaceOrientationLandscapeLeft UIInterfaceOrientationLandscapeRight";
				INFOPLIST_KEY_UISupportedInterfaceOrientations_iPhone = "UIInterfaceOrientationPortrait UIInterfaceOrientationLandscapeLeft UIInterfaceOrientationLandscapeRight";
				LD_RUNPATH_SEARCH_PATHS = (
					"$(inherited)",
					"@executable_path/Frameworks",
				);
				MARKETING_VERSION = 1.0;
				PRODUCT_BUNDLE_IDENTIFIER = aswin.signinapp;
				PRODUCT_NAME = "$(TARGET_NAME)";
				SWIFT_EMIT_LOC_STRINGS = YES;
				SWIFT_VERSION = 5.0;
				TARGETED_DEVICE_FAMILY = "1,2";
			};
			name = Debug;
		};
		CEABEA1E2AA5C8D9008E49FE /* Release */ = {
			isa = XCBuildConfiguration;
			buildSettings = {
				ASSETCATALOG_COMPILER_APPICON_NAME = AppIcon;
				ASSETCATALOG_COMPILER_GLOBAL_ACCENT_COLOR_NAME = AccentColor;
				CODE_SIGN_STYLE = Automatic;
				CURRENT_PROJECT_VERSION = 1;
				DEVELOPMENT_TEAM = 4D42KYYWJW;
				GENERATE_INFOPLIST_FILE = YES;
				INFOPLIST_FILE = signinapp/Info.plist;
				INFOPLIST_KEY_UIApplicationSupportsIndirectInputEvents = YES;
				INFOPLIST_KEY_UILaunchStoryboardName = LaunchScreen;
				INFOPLIST_KEY_UIMainStoryboardFile = Main;
				INFOPLIST_KEY_UISupportedInterfaceOrientations_iPad = "UIInterfaceOrientationPortrait UIInterfaceOrientationPortraitUpsideDown UIInterfaceOrientationLandscapeLeft UIInterfaceOrientationLandscapeRight";
				INFOPLIST_KEY_UISupportedInterfaceOrientations_iPhone = "UIInterfaceOrientationPortrait UIInterfaceOrientationLandscapeLeft UIInterfaceOrientationLandscapeRight";
				LD_RUNPATH_SEARCH_PATHS = (
					"$(inherited)",
					"@executable_path/Frameworks",
				);
				MARKETING_VERSION = 1.0;
				PRODUCT_BUNDLE_IDENTIFIER = aswin.signinapp;
				PRODUCT_NAME = "$(TARGET_NAME)";
				SWIFT_EMIT_LOC_STRINGS = YES;
				SWIFT_VERSION = 5.0;
				TARGETED_DEVICE_FAMILY = "1,2";
			};
			name = Release;
		};
		CEABEA202AA5C8D9008E49FE /* Debug */ = {
			isa = XCBuildConfiguration;
			buildSettings = {
				ALWAYS_EMBED_SWIFT_STANDARD_LIBRARIES = YES;
				BUNDLE_LOADER = "$(TEST_HOST)";
				CODE_SIGN_STYLE = Automatic;
				CURRENT_PROJECT_VERSION = 1;
				DEVELOPMENT_TEAM = 4D42KYYWJW;
				GENERATE_INFOPLIST_FILE = YES;
				IPHONEOS_DEPLOYMENT_TARGET = 16.4;
				MARKETING_VERSION = 1.0;
				PRODUCT_BUNDLE_IDENTIFIER = aswin.signinappTests;
				PRODUCT_NAME = "$(TARGET_NAME)";
				SWIFT_EMIT_LOC_STRINGS = NO;
				SWIFT_VERSION = 5.0;
				TARGETED_DEVICE_FAMILY = "1,2";
				TEST_HOST = "$(BUILT_PRODUCTS_DIR)/signinapp.app/$(BUNDLE_EXECUTABLE_FOLDER_PATH)/signinapp";
			};
			name = Debug;
		};
		CEABEA212AA5C8D9008E49FE /* Release */ = {
			isa = XCBuildConfiguration;
			buildSettings = {
				ALWAYS_EMBED_SWIFT_STANDARD_LIBRARIES = YES;
				BUNDLE_LOADER = "$(TEST_HOST)";
				CODE_SIGN_STYLE = Automatic;
				CURRENT_PROJECT_VERSION = 1;
				DEVELOPMENT_TEAM = 4D42KYYWJW;
				GENERATE_INFOPLIST_FILE = YES;
				IPHONEOS_DEPLOYMENT_TARGET = 16.4;
				MARKETING_VERSION = 1.0;
				PRODUCT_BUNDLE_IDENTIFIER = aswin.signinappTests;
				PRODUCT_NAME = "$(TARGET_NAME)";
				SWIFT_EMIT_LOC_STRINGS = NO;
				SWIFT_VERSION = 5.0;
				TARGETED_DEVICE_FAMILY = "1,2";
				TEST_HOST = "$(BUILT_PRODUCTS_DIR)/signinapp.app/$(BUNDLE_EXECUTABLE_FOLDER_PATH)/signinapp";
			};
			name = Release;
		};
		CEABEA232AA5C8D9008E49FE /* Debug */ = {
			isa = XCBuildConfiguration;
			buildSettings = {
				ALWAYS_EMBED_SWIFT_STANDARD_LIBRARIES = YES;
				CODE_SIGN_STYLE = Automatic;
				CURRENT_PROJECT_VERSION = 1;
				DEVELOPMENT_TEAM = 4D42KYYWJW;
				GENERATE_INFOPLIST_FILE = YES;
				MARKETING_VERSION = 1.0;
				PRODUCT_BUNDLE_IDENTIFIER = aswin.signinappUITests;
				PRODUCT_NAME = "$(TARGET_NAME)";
				SWIFT_EMIT_LOC_STRINGS = NO;
				SWIFT_VERSION = 5.0;
				TARGETED_DEVICE_FAMILY = "1,2";
				TEST_TARGET_NAME = signinapp;
			};
			name = Debug;
		};
		CEABEA242AA5C8D9008E49FE /* Release */ = {
			isa = XCBuildConfiguration;
			buildSettings = {
				ALWAYS_EMBED_SWIFT_STANDARD_LIBRARIES = YES;
				CODE_SIGN_STYLE = Automatic;
				CURRENT_PROJECT_VERSION = 1;
				DEVELOPMENT_TEAM = 4D42KYYWJW;
				GENERATE_INFOPLIST_FILE = YES;
				MARKETING_VERSION = 1.0;
				PRODUCT_BUNDLE_IDENTIFIER = aswin.signinappUITests;
				PRODUCT_NAME = "$(TARGET_NAME)";
				SWIFT_EMIT_LOC_STRINGS = NO;
				SWIFT_VERSION = 5.0;
				TARGETED_DEVICE_FAMILY = "1,2";
				TEST_TARGET_NAME = signinapp;
			};
			name = Release;
		};
/* End XCBuildConfiguration section */

/* Begin XCConfigurationList section */
		CEABE9EA2AA5C8D6008E49FE /* Build configuration list for PBXProject "signinapp" */ = {
			isa = XCConfigurationList;
			buildConfigurations = (
				CEABEA1A2AA5C8D9008E49FE /* Debug */,
				CEABEA1B2AA5C8D9008E49FE /* Release */,
			);
			defaultConfigurationIsVisible = 0;
			defaultConfigurationName = Release;
		};
		CEABEA1C2AA5C8D9008E49FE /* Build configuration list for PBXNativeTarget "signinapp" */ = {
			isa = XCConfigurationList;
			buildConfigurations = (
				CEABEA1D2AA5C8D9008E49FE /* Debug */,
				CEABEA1E2AA5C8D9008E49FE /* Release */,
			);
			defaultConfigurationIsVisible = 0;
			defaultConfigurationName = Release;
		};
		CEABEA1F2AA5C8D9008E49FE /* Build configuration list for PBXNativeTarget "signinappTests" */ = {
			isa = XCConfigurationList;
			buildConfigurations = (
				CEABEA202AA5C8D9008E49FE /* Debug */,
				CEABEA212AA5C8D9008E49FE /* Release */,
			);
			defaultConfigurationIsVisible = 0;
			defaultConfigurationName = Release;
		};
		CEABEA222AA5C8D9008E49FE /* Build configuration list for PBXNativeTarget "signinappUITests" */ = {
			isa = XCConfigurationList;
			buildConfigurations = (
				CEABEA232AA5C8D9008E49FE /* Debug */,
				CEABEA242AA5C8D9008E49FE /* Release */,
			);
			defaultConfigurationIsVisible = 0;
			defaultConfigurationName = Release;
		};
/* End XCConfigurationList section */

/* Begin XCVersionGroup section */
		CEABE9FB2AA5C8D7008E49FE /* signinapp.xcdatamodeld */ = {
			isa = XCVersionGroup;
			children = (
				CEABE9FC2AA5C8D7008E49FE /* signinapp.xcdatamodel */,
			);
			currentVersion = CEABE9FC2AA5C8D7008E49FE /* signinapp.xcdatamodel */;
			path = signinapp.xcdatamodeld;
			sourceTree = "<group>";
			versionGroupType = wrapper.xcdatamodel;
		};
/* End XCVersionGroup section */
	};
	rootObject = CEABE9E72AA5C8D6008E49FE /* Project object */;
}
